<?xml version="1.0" encoding="UTF-8" standalone="yes" ?>
<CodeBlocks_project_file>
	<FileVersion major="1" minor="6" />
	<Project>
		<Option title="UneUsineAZombie" />
		<Option pch_mode="2" />
		<Option compiler="gcc" />
		<Build>
			<Target title="Debug">
				<Option output="bin/Debug/UneUsineAZombie" prefix_auto="1" extension_auto="1" />
				<Option object_output="obj/Debug/" />
				<Option type="1" />
				<Option compiler="gcc" />
				<Compiler>
					<Add option="-g" />
					<Add directory="include" />
				</Compiler>
			</Target>
			<Target title="Release">
				<Option output="bin/Release/UneUsineAZombie" prefix_auto="1" extension_auto="1" />
				<Option object_output="obj/Release/" />
				<Option type="1" />
				<Option compiler="gcc" />
				<Compiler>
					<Add option="-O2" />
					<Add directory="include" />
				</Compiler>
				<Linker>
					<Add option="-s" />
				</Linker>
			</Target>
		</Build>
		<Compiler>
			<Add option="-Wall" />
			<Add option="-fexceptions" />
		</Compiler>
		<Unit filename="include/Zombie.h" />
		<Unit filename="include/ZombieBomber.h" />
		<Unit filename="include/ZombieFusion.h" />
		<Unit filename="include/ZombieMage.h" />
		<Unit filename="include/ZombieRapace.h" />
		<Unit filename="include/ZombieTank.h" />
		<Unit filename="main.cpp" />
		<Unit filename="src/Zombie.cpp" />
		<Unit filename="src/ZombieBomber.cpp" />
		<Unit filename="src/ZombieFusion.cpp" />
		<Unit filename="src/ZombieMage.cpp" />
		<Unit filename="src/ZombieRapace.cpp" />
		<Unit filename="src/ZombieTank.cpp" />
		<Extensions>
			<lib_finder disable_auto="1" />
		</Extensions>
	</Project>
</CodeBlocks_project_file>
